
Microsoft Visual Studio Solution File, Format Version 12.00
# Visual Studio Version 16
VisualStudioVersion = 16.0.30225.117
MinimumVisualStudioVersion = 10.0.40219.1
Project("{FAE04EC0-301F-11D3-BF4B-00C04F79EFBC}") = "WebApplication2", "WebApplication2\WebApplication2.csproj", "{073D5D88-DA88-4DDF-BDD3-33974D319129}"
EndProject
Global
	GlobalSection(SolutionConfigurationPlatforms) = preSolution
		Debug|Any CPU = Debug|Any CPU
		Release|Any CPU = Release|Any CPU
	EndGlobalSection
	GlobalSection(ProjectConfigurationPlatforms) = postSolution
		{073D5D88-DA88-4DDF-BDD3-33974D319129}.Debug|Any CPU.ActiveCfg = Debug|Any CPU
		{073D5D88-DA88-4DDF-BDD3-33974D319129}.Debug|Any CPU.Build.0 = Debug|Any CPU
		{073D5D88-DA88-4DDF-BDD3-33974D319129}.Release|Any CPU.ActiveCfg = Release|Any CPU
		{073D5D88-DA88-4DDF-BDD3-33974D319129}.Release|Any CPU.Build.0 = Release|Any CPU
	EndGlobalSection
	GlobalSection(SolutionProperties) = preSolution
		HideSolutionNode = FALSE
	EndGlobalSection
	GlobalSection(ExtensibilityGlobals) = postSolution
		SolutionGuid = {5604D72F-D91D-4DF6-911E-A9AAF0DCBED5}
	EndGlobalSection
EndGlobal
